
Microsoft Visual Studio Solution File, Format Version 12.00
# Visual Studio Version 17
VisualStudioVersion = 17.8.34511.84
MinimumVisualStudioVersion = 10.0.40219.1
Project("{FAE04EC0-301F-11D3-BF4B-00C04F79EFBC}") = "PrimerEmptity", "PrimerEmptity\PrimerEmptity.csproj", "{605C87D2-4F34-4A7A-8594-CBFD8C9B1887}"
EndProject
Project("{2150E333-8FDC-42A3-9474-1A3956D46DE8}") = "BLL", "BLL", "{9FE9CDDA-F7FE-4AD0-9827-66767DCACDBF}"
EndProject
Project("{2150E333-8FDC-42A3-9474-1A3956D46DE8}") = "Common", "Common", "{65FD7473-75A1-424D-BDE8-4D328CF19A4C}"
EndProject
Project("{2150E333-8FDC-42A3-9474-1A3956D46DE8}") = "DLL", "DLL", "{7337521A-48EC-4031-9021-571E589889BE}"
EndProject
Project("{FAE04EC0-301F-11D3-BF4B-00C04F79EFBC}") = "PrimerEmptity.WalletServices", "PrimerEmptity.WalletServices\PrimerEmptity.WalletServices.csproj", "{0B8B08A6-70DB-42F0-B5A0-0020ECB46802}"
EndProject
Project("{FAE04EC0-301F-11D3-BF4B-00C04F79EFBC}") = "PriverEmptity.Common", "PriverEmptity.Common\PriverEmptity.Common.csproj", "{3DB648AA-25C6-4492-AB96-1AFA2A02D020}"
EndProject
Global
	GlobalSection(SolutionConfigurationPlatforms) = preSolution
		Debug|Any CPU = Debug|Any CPU
		Release|Any CPU = Release|Any CPU
	EndGlobalSection
	GlobalSection(ProjectConfigurationPlatforms) = postSolution
		{605C87D2-4F34-4A7A-8594-CBFD8C9B1887}.Debug|Any CPU.ActiveCfg = Debug|Any CPU
		{605C87D2-4F34-4A7A-8594-CBFD8C9B1887}.Debug|Any CPU.Build.0 = Debug|Any CPU
		{605C87D2-4F34-4A7A-8594-CBFD8C9B1887}.Release|Any CPU.ActiveCfg = Release|Any CPU
		{605C87D2-4F34-4A7A-8594-CBFD8C9B1887}.Release|Any CPU.Build.0 = Release|Any CPU
		{0B8B08A6-70DB-42F0-B5A0-0020ECB46802}.Debug|Any CPU.ActiveCfg = Debug|Any CPU
		{0B8B08A6-70DB-42F0-B5A0-0020ECB46802}.Debug|Any CPU.Build.0 = Debug|Any CPU
		{0B8B08A6-70DB-42F0-B5A0-0020ECB46802}.Release|Any CPU.ActiveCfg = Release|Any CPU
		{0B8B08A6-70DB-42F0-B5A0-0020ECB46802}.Release|Any CPU.Build.0 = Release|Any CPU
		{3DB648AA-25C6-4492-AB96-1AFA2A02D020}.Debug|Any CPU.ActiveCfg = Debug|Any CPU
		{3DB648AA-25C6-4492-AB96-1AFA2A02D020}.Debug|Any CPU.Build.0 = Debug|Any CPU
		{3DB648AA-25C6-4492-AB96-1AFA2A02D020}.Release|Any CPU.ActiveCfg = Release|Any CPU
		{3DB648AA-25C6-4492-AB96-1AFA2A02D020}.Release|Any CPU.Build.0 = Release|Any CPU
	EndGlobalSection
	GlobalSection(SolutionProperties) = preSolution
		HideSolutionNode = FALSE
	EndGlobalSection
	GlobalSection(NestedProjects) = preSolution
		{0B8B08A6-70DB-42F0-B5A0-0020ECB46802} = {9FE9CDDA-F7FE-4AD0-9827-66767DCACDBF}
		{3DB648AA-25C6-4492-AB96-1AFA2A02D020} = {65FD7473-75A1-424D-BDE8-4D328CF19A4C}
	EndGlobalSection
	GlobalSection(ExtensibilityGlobals) = postSolution
		SolutionGuid = {9C331703-C556-4426-B870-4C2060B89645}
	EndGlobalSection
EndGlobal
